// !$*UTF8*$!
{
	archiveVersion = 1;
	classes = {
	};
	objectVersion = 56;
	objects = {

/* Begin PBXBuildFile section */
		1149AFB92A316DEE00A6FDFB /* Helpers.swift in Sources */ = {isa = PBXBuildFile; fileRef = 1149AFB82A316DEE00A6FDFB /* Helpers.swift */; };
		1149AFBB2A316E4800A6FDFB /* PasskeyLogin.plist in Resources */ = {isa = PBXBuildFile; fileRef = 1149AFBA2A316E4800A6FDFB /* PasskeyLogin.plist */; };
		1193F3A22A12F2AD00C9A278 /* PasskeyLoginApp.swift in Sources */ = {isa = PBXBuildFile; fileRef = 1193F3A12A12F2AD00C9A278 /* PasskeyLoginApp.swift */; };
		1193F3A42A12F2AD00C9A278 /* ContentView.swift in Sources */ = {isa = PBXBuildFile; fileRef = 1193F3A32A12F2AD00C9A278 /* ContentView.swift */; };
		1193F3A62A12F2AF00C9A278 /* Assets.xcassets in Resources */ = {isa = PBXBuildFile; fileRef = 1193F3A52A12F2AF00C9A278 /* Assets.xcassets */; };
		1193F3A92A12F2AF00C9A278 /* Preview Assets.xcassets in Resources */ = {isa = PBXBuildFile; fileRef = 1193F3A82A12F2AF00C9A278 /* Preview Assets.xcassets */; };
		1193F3B02A12F38D00C9A278 /* AccountStore.swift in Sources */ = {isa = PBXBuildFile; fileRef = 1193F3AF2A12F38D00C9A278 /* AccountStore.swift */; };
		1193F3B22A12F3C900C9A278 /* User.swift in Sources */ = {isa = PBXBuildFile; fileRef = 1193F3B12A12F3C900C9A278 /* User.swift */; };
		1193F3B62A12F45800C9A278 /* SignUpView.swift in Sources */ = {isa = PBXBuildFile; fileRef = 1193F3B52A12F45800C9A278 /* SignUpView.swift */; };
		11CE33952A13AED7005F0677 /* Models.swift in Sources */ = {isa = PBXBuildFile; fileRef = 11CE33942A13AED7005F0677 /* Models.swift */; };
		11CE33982A13AFCD005F0677 /* Alamofire in Frameworks */ = {isa = PBXBuildFile; productRef = 11CE33972A13AFCD005F0677 /* Alamofire */; };
		11CE33C42A153ACE005F0677 /* README.md in Resources */ = {isa = PBXBuildFile; fileRef = 11CE33C32A153ACE005F0677 /* README.md */; };
/* End PBXBuildFile section */

/* Begin PBXFileReference section */
		1149AFB82A316DEE00A6FDFB /* Helpers.swift */ = {isa = PBXFileReference; lastKnownFileType = sourcecode.swift; path = Helpers.swift; sourceTree = "<group>"; };
		1149AFBA2A316E4800A6FDFB /* PasskeyLogin.plist */ = {isa = PBXFileReference; lastKnownFileType = text.plist.xml; path = PasskeyLogin.plist; sourceTree = "<group>"; };
		1193F39E2A12F2AD00C9A278 /* PasskeyLogin.app */ = {isa = PBXFileReference; explicitFileType = wrapper.application; includeInIndex = 0; path = PasskeyLogin.app; sourceTree = BUILT_PRODUCTS_DIR; };
		1193F3A12A12F2AD00C9A278 /* PasskeyLoginApp.swift */ = {isa = PBXFileReference; lastKnownFileType = sourcecode.swift; path = PasskeyLoginApp.swift; sourceTree = "<group>"; };
		1193F3A32A12F2AD00C9A278 /* ContentView.swift */ = {isa = PBXFileReference; lastKnownFileType = sourcecode.swift; path = ContentView.swift; sourceTree = "<group>"; };
		1193F3A52A12F2AF00C9A278 /* Assets.xcassets */ = {isa = PBXFileReference; lastKnownFileType = folder.assetcatalog; path = Assets.xcassets; sourceTree = "<group>"; };
		1193F3A82A12F2AF00C9A278 /* Preview Assets.xcassets */ = {isa = PBXFileReference; lastKnownFileType = folder.assetcatalog; path = "Preview Assets.xcassets"; sourceTree = "<group>"; };
		1193F3AF2A12F38D00C9A278 /* AccountStore.swift */ = {isa = PBXFileReference; lastKnownFileType = sourcecode.swift; path = AccountStore.swift; sourceTree = "<group>"; };
		1193F3B12A12F3C900C9A278 /* User.swift */ = {isa = PBXFileReference; lastKnownFileType = sourcecode.swift; path = User.swift; sourceTree = "<group>"; };
		1193F3B52A12F45800C9A278 /* SignUpView.swift */ = {isa = PBXFileReference; lastKnownFileType = sourcecode.swift; path = SignUpView.swift; sourceTree = "<group>"; };
		11B310F02A12F6B3001E54F3 /* PasskeyLogin.entitlements */ = {isa = PBXFileReference; lastKnownFileType = text.plist.entitlements; path = PasskeyLogin.entitlements; sourceTree = "<group>"; };
		11CE33942A13AED7005F0677 /* Models.swift */ = {isa = PBXFileReference; lastKnownFileType = sourcecode.swift; path = Models.swift; sourceTree = "<group>"; };
		11CE33C32A153ACE005F0677 /* README.md */ = {isa = PBXFileReference; lastKnownFileType = net.daringfireball.markdown; path = README.md; sourceTree = "<group>"; xcLanguageSpecificationIdentifier = xcode.lang.markdown; };
/* End PBXFileReference section */

/* Begin PBXFrameworksBuildPhase section */
		1193F39B2A12F2AD00C9A278 /* Frameworks */ = {
			isa = PBXFrameworksBuildPhase;
			buildActionMask = 2147483647;
			files = (
				11CE33982A13AFCD005F0677 /* Alamofire in Frameworks */,
			);
			runOnlyForDeploymentPostprocessing = 0;
		};
/* End PBXFrameworksBuildPhase section */

/* Begin PBXGroup section */
		1193F3952A12F2AD00C9A278 = {
			isa = PBXGroup;
			children = (
				11CE33C32A153ACE005F0677 /* README.md */,
				1193F3A02A12F2AD00C9A278 /* PasskeyLogin */,
				1193F39F2A12F2AD00C9A278 /* Products */,
			);
			sourceTree = "<group>";
		};
		1193F39F2A12F2AD00C9A278 /* Products */ = {
			isa = PBXGroup;
			children = (
				1193F39E2A12F2AD00C9A278 /* PasskeyLogin.app */,
			);
			name = Products;
			sourceTree = "<group>";
		};
		1193F3A02A12F2AD00C9A278 /* PasskeyLogin */ = {
			isa = PBXGroup;
			children = (
				11B310F02A12F6B3001E54F3 /* PasskeyLogin.entitlements */,
				1193F3A12A12F2AD00C9A278 /* PasskeyLoginApp.swift */,
				1193F3A32A12F2AD00C9A278 /* ContentView.swift */,
				1193F3A52A12F2AF00C9A278 /* Assets.xcassets */,
				1193F3A72A12F2AF00C9A278 /* Preview Content */,
				1193F3AF2A12F38D00C9A278 /* AccountStore.swift */,
				1193F3B12A12F3C900C9A278 /* User.swift */,
				1193F3B52A12F45800C9A278 /* SignUpView.swift */,
				11CE33942A13AED7005F0677 /* Models.swift */,
				1149AFB82A316DEE00A6FDFB /* Helpers.swift */,
				1149AFBA2A316E4800A6FDFB /* PasskeyLogin.plist */,
			);
			path = PasskeyLogin;
			sourceTree = "<group>";
		};
		1193F3A72A12F2AF00C9A278 /* Preview Content */ = {
			isa = PBXGroup;
			children = (
				1193F3A82A12F2AF00C9A278 /* Preview Assets.xcassets */,
			);
			path = "Preview Content";
			sourceTree = "<group>";
		};
/* End PBXGroup section */

/* Begin PBXNativeTarget section */
		1193F39D2A12F2AD00C9A278 /* PasskeyLogin */ = {
			isa = PBXNativeTarget;
			buildConfigurationList = 1193F3AC2A12F2AF00C9A278 /* Build configuration list for PBXNativeTarget "PasskeyLogin" */;
			buildPhases = (
				1193F39A2A12F2AD00C9A278 /* Sources */,
				1193F39B2A12F2AD00C9A278 /* Frameworks */,
				1193F39C2A12F2AD00C9A278 /* Resources */,
			);
			buildRules = (
			);
			dependencies = (
			);
			name = PasskeyLogin;
			packageProductDependencies = (
				11CE33972A13AFCD005F0677 /* Alamofire */,
			);
			productName = PasskeyLogin;
			productReference = 1193F39E2A12F2AD00C9A278 /* PasskeyLogin.app */;
			productType = "com.apple.product-type.application";
		};
/* End PBXNativeTarget section */

/* Begin PBXProject section */
		1193F3962A12F2AD00C9A278 /* Project object */ = {
			isa = PBXProject;
			attributes = {
				BuildIndependentTargetsInParallel = 1;
				LastSwiftUpdateCheck = 1430;
				LastUpgradeCheck = 1430;
				TargetAttributes = {
					1193F39D2A12F2AD00C9A278 = {
						CreatedOnToolsVersion = 14.3;
					};
				};
			};
			buildConfigurationList = 1193F3992A12F2AD00C9A278 /* Build configuration list for PBXProject "PasskeyLogin" */;
			compatibilityVersion = "Xcode 14.0";
			developmentRegion = en;
			hasScannedForEncodings = 0;
			knownRegions = (
				en,
				Base,
			);
			mainGroup = 1193F3952A12F2AD00C9A278;
			packageReferences = (
				11CE33962A13AFCD005F0677 /* XCRemoteSwiftPackageReference "Alamofire" */,
			);
			productRefGroup = 1193F39F2A12F2AD00C9A278 /* Products */;
			projectDirPath = "";
			projectRoot = "";
			targets = (
				1193F39D2A12F2AD00C9A278 /* PasskeyLogin */,
			);
		};
/* End PBXProject section */

/* Begin PBXResourcesBuildPhase section */
		1193F39C2A12F2AD00C9A278 /* Resources */ = {
			isa = PBXResourcesBuildPhase;
			buildActionMask = 2147483647;
			files = (
				11CE33C42A153ACE005F0677 /* README.md in Resources */,
				1149AFBB2A316E4800A6FDFB /* PasskeyLogin.plist in Resources */,
				1193F3A92A12F2AF00C9A278 /* Preview Assets.xcassets in Resources */,
				1193F3A62A12F2AF00C9A278 /* Assets.xcassets in Resources */,
			);
			runOnlyForDeploymentPostprocessing = 0;
		};
/* End PBXResourcesBuildPhase section */

/* Begin PBXSourcesBuildPhase section */
		1193F39A2A12F2AD00C9A278 /* Sources */ = {
			isa = PBXSourcesBuildPhase;
			buildActionMask = 2147483647;
			files = (
				1193F3B22A12F3C900C9A278 /* User.swift in Sources */,
				1149AFB92A316DEE00A6FDFB /* Helpers.swift in Sources */,
				1193F3B02A12F38D00C9A278 /* AccountStore.swift in Sources */,
				1193F3A42A12F2AD00C9A278 /* ContentView.swift in Sources */,
				1193F3B62A12F45800C9A278 /* SignUpView.swift in Sources */,
				1193F3A22A12F2AD00C9A278 /* PasskeyLoginApp.swift in Sources */,
				11CE33952A13AED7005F0677 /* Models.swift in Sources */,
			);
			runOnlyForDeploymentPostprocessing = 0;
		};
/* End PBXSourcesBuildPhase section */

/* Begin XCBuildConfiguration section */
		1193F3AA2A12F2AF00C9A278 /* Debug */ = {
			isa = XCBuildConfiguration;
			buildSettings = {
				ALWAYS_SEARCH_USER_PATHS = NO;
				CLANG_ANALYZER_NONNULL = YES;
				CLANG_ANALYZER_NUMBER_OBJECT_CONVERSION = YES_AGGRESSIVE;
				CLANG_CXX_LANGUAGE_STANDARD = "gnu++20";
				CLANG_ENABLE_MODULES = YES;
				CLANG_ENABLE_OBJC_ARC = YES;
				CLANG_ENABLE_OBJC_WEAK = YES;
				CLANG_WARN_BLOCK_CAPTURE_AUTORELEASING = YES;
				CLANG_WARN_BOOL_CONVERSION = YES;
				CLANG_WARN_COMMA = YES;
				CLANG_WARN_CONSTANT_CONVERSION = YES;
				CLANG_WARN_DEPRECATED_OBJC_IMPLEMENTATIONS = YES;
				CLANG_WARN_DIRECT_OBJC_ISA_USAGE = YES_ERROR;
				CLANG_WARN_DOCUMENTATION_COMMENTS = YES;
				CLANG_WARN_EMPTY_BODY = YES;
				CLANG_WARN_ENUM_CONVERSION = YES;
				CLANG_WARN_INFINITE_RECURSION = YES;
				CLANG_WARN_INT_CONVERSION = YES;
				CLANG_WARN_NON_LITERAL_NULL_CONVERSION = YES;
				CLANG_WARN_OBJC_IMPLICIT_RETAIN_SELF = YES;
				CLANG_WARN_OBJC_LITERAL_CONVERSION = YES;
				CLANG_WARN_OBJC_ROOT_CLASS = YES_ERROR;
				CLANG_WARN_QUOTED_INCLUDE_IN_FRAMEWORK_HEADER = YES;
				CLANG_WARN_RANGE_LOOP_ANALYSIS = YES;
				CLANG_WARN_STRICT_PROTOTYPES = YES;
				CLANG_WARN_SUSPICIOUS_MOVE = YES;
				CLANG_WARN_UNGUARDED_AVAILABILITY = YES_AGGRESSIVE;
				CLANG_WARN_UNREACHABLE_CODE = YES;
				CLANG_WARN__DUPLICATE_METHOD_MATCH = YES;
				COPY_PHASE_STRIP = NO;
				DEBUG_INFORMATION_FORMAT = dwarf;
				ENABLE_STRICT_OBJC_MSGSEND = YES;
				ENABLE_TESTABILITY = YES;
				GCC_C_LANGUAGE_STANDARD = gnu11;
				GCC_DYNAMIC_NO_PIC = NO;
				GCC_NO_COMMON_BLOCKS = YES;
				GCC_OPTIMIZATION_LEVEL = 0;
				GCC_PREPROCESSOR_DEFINITIONS = (
					"DEBUG=1",
					"$(inherited)",
				);
				GCC_WARN_64_TO_32_BIT_CONVERSION = YES;
				GCC_WARN_ABOUT_RETURN_TYPE = YES_ERROR;
				GCC_WARN_UNDECLARED_SELECTOR = YES;
				GCC_WARN_UNINITIALIZED_AUTOS = YES_AGGRESSIVE;
				GCC_WARN_UNUSED_FUNCTION = YES;
				GCC_WARN_UNUSED_VARIABLE = YES;
				IPHONEOS_DEPLOYMENT_TARGET = 16.4;
				MTL_ENABLE_DEBUG_INFO = INCLUDE_SOURCE;
				MTL_FAST_MATH = YES;
				ONLY_ACTIVE_ARCH = YES;
				SDKROOT = iphoneos;
				SWIFT_ACTIVE_COMPILATION_CONDITIONS = DEBUG;
				SWIFT_OPTIMIZATION_LEVEL = "-Onone";
			};
			name = Debug;
		};
		1193F3AB2A12F2AF00C9A278 /* Release */ = {
			isa = XCBuildConfiguration;
			buildSettings = {
				ALWAYS_SEARCH_USER_PATHS = NO;
				CLANG_ANALYZER_NONNULL = YES;
				CLANG_ANALYZER_NUMBER_OBJECT_CONVERSION = YES_AGGRESSIVE;
				CLANG_CXX_LANGUAGE_STANDARD = "gnu++20";
				CLANG_ENABLE_MODULES = YES;
				CLANG_ENABLE_OBJC_ARC = YES;
				CLANG_ENABLE_OBJC_WEAK = YES;
				CLANG_WARN_BLOCK_CAPTURE_AUTORELEASING = YES;
				CLANG_WARN_BOOL_CONVERSION = YES;
				CLANG_WARN_COMMA = YES;
				CLANG_WARN_CONSTANT_CONVERSION = YES;
				CLANG_WARN_DEPRECATED_OBJC_IMPLEMENTATIONS = YES;
				CLANG_WARN_DIRECT_OBJC_ISA_USAGE = YES_ERROR;
				CLANG_WARN_DOCUMENTATION_COMMENTS = YES;
				CLANG_WARN_EMPTY_BODY = YES;
				CLANG_WARN_ENUM_CONVERSION = YES;
				CLANG_WARN_INFINITE_RECURSION = YES;
				CLANG_WARN_INT_CONVERSION = YES;
				CLANG_WARN_NON_LITERAL_NULL_CONVERSION = YES;
				CLANG_WARN_OBJC_IMPLICIT_RETAIN_SELF = YES;
				CLANG_WARN_OBJC_LITERAL_CONVERSION = YES;
				CLANG_WARN_OBJC_ROOT_CLASS = YES_ERROR;
				CLANG_WARN_QUOTED_INCLUDE_IN_FRAMEWORK_HEADER = YES;
				CLANG_WARN_RANGE_LOOP_ANALYSIS = YES;
				CLANG_WARN_STRICT_PROTOTYPES = YES;
				CLANG_WARN_SUSPICIOUS_MOVE = YES;
				CLANG_WARN_UNGUARDED_AVAILABILITY = YES_AGGRESSIVE;
				CLANG_WARN_UNREACHABLE_CODE = YES;
				CLANG_WARN__DUPLICATE_METHOD_MATCH = YES;
				COPY_PHASE_STRIP = NO;
				DEBUG_INFORMATION_FORMAT = "dwarf-with-dsym";
				ENABLE_NS_ASSERTIONS = NO;
				ENABLE_STRICT_OBJC_MSGSEND = YES;
				GCC_C_LANGUAGE_STANDARD = gnu11;
				GCC_NO_COMMON_BLOCKS = YES;
				GCC_WARN_64_TO_32_BIT_CONVERSION = YES;
				GCC_WARN_ABOUT_RETURN_TYPE = YES_ERROR;
				GCC_WARN_UNDECLARED_SELECTOR = YES;
				GCC_WARN_UNINITIALIZED_AUTOS = YES_AGGRESSIVE;
				GCC_WARN_UNUSED_FUNCTION = YES;
				GCC_WARN_UNUSED_VARIABLE = YES;
				IPHONEOS_DEPLOYMENT_TARGET = 16.4;
				MTL_ENABLE_DEBUG_INFO = NO;
				MTL_FAST_MATH = YES;
				SDKROOT = iphoneos;
				SWIFT_COMPILATION_MODE = wholemodule;
				SWIFT_OPTIMIZATION_LEVEL = "-O";
				VALIDATE_PRODUCT = YES;
			};
			name = Release;
		};
		1193F3AD2A12F2AF00C9A278 /* Debug */ = {
			isa = XCBuildConfiguration;
			buildSettings = {
				ASSETCATALOG_COMPILER_APPICON_NAME = AppIcon;
				ASSETCATALOG_COMPILER_GLOBAL_ACCENT_COLOR_NAME = AccentColor;
				CODE_SIGN_ENTITLEMENTS = PasskeyLogin/PasskeyLogin.entitlements;
				CODE_SIGN_STYLE = Automatic;
				CURRENT_PROJECT_VERSION = 1;
				DEVELOPMENT_ASSET_PATHS = "\"PasskeyLogin/Preview Content\"";
				DEVELOPMENT_TEAM = R82LKF5W93;
				ENABLE_PREVIEWS = YES;
				GENERATE_INFOPLIST_FILE = YES;
				INFOPLIST_KEY_UIApplicationSceneManifest_Generation = YES;
				INFOPLIST_KEY_UIApplicationSupportsIndirectInputEvents = YES;
				INFOPLIST_KEY_UILaunchScreen_Generation = YES;
				INFOPLIST_KEY_UISupportedInterfaceOrientations_iPad = "UIInterfaceOrientationPortrait UIInterfaceOrientationPortraitUpsideDown UIInterfaceOrientationLandscapeLeft UIInterfaceOrientationLandscapeRight";
				INFOPLIST_KEY_UISupportedInterfaceOrientations_iPhone = "UIInterfaceOrientationPortrait UIInterfaceOrientationLandscapeLeft UIInterfaceOrientationLandscapeRight";
				IPHONEOS_DEPLOYMENT_TARGET = 16.4;
				LD_RUNPATH_SEARCH_PATHS = (
					"$(inherited)",
					"@executable_path/Frameworks",
				);
				MARKETING_VERSION = 1.0;
				PRODUCT_BUNDLE_IDENTIFIER = com.pushp.PasskeyLogin;
				PRODUCT_NAME = "$(TARGET_NAME)";
				SWIFT_EMIT_LOC_STRINGS = YES;
				SWIFT_VERSION = 5.0;
				TARGETED_DEVICE_FAMILY = "1,2";
			};
			name = Debug;
		};
		1193F3AE2A12F2AF00C9A278 /* Release */ = {
			isa = XCBuildConfiguration;
			buildSettings = {
				ASSETCATALOG_COMPILER_APPICON_NAME = AppIcon;
				ASSETCATALOG_COMPILER_GLOBAL_ACCENT_COLOR_NAME = AccentColor;
				CODE_SIGN_ENTITLEMENTS = PasskeyLogin/PasskeyLogin.entitlements;
				CODE_SIGN_STYLE = Automatic;
				CURRENT_PROJECT_VERSION = 1;
				DEVELOPMENT_ASSET_PATHS = "\"PasskeyLogin/Preview Content\"";
				DEVELOPMENT_TEAM = R82LKF5W93;
				ENABLE_PREVIEWS = YES;
				GENERATE_INFOPLIST_FILE = YES;
				INFOPLIST_KEY_UIApplicationSceneManifest_Generation = YES;
				INFOPLIST_KEY_UIApplicationSupportsIndirectInputEvents = YES;
				INFOPLIST_KEY_UILaunchScreen_Generation = YES;
				INFOPLIST_KEY_UISupportedInterfaceOrientations_iPad = "UIInterfaceOrientationPortrait UIInterfaceOrientationPortraitUpsideDown UIInterfaceOrientationLandscapeLeft UIInterfaceOrientationLandscapeRight";
				INFOPLIST_KEY_UISupportedInterfaceOrientations_iPhone = "UIInterfaceOrientationPortrait UIInterfaceOrientationLandscapeLeft UIInterfaceOrientationLandscapeRight";
				IPHONEOS_DEPLOYMENT_TARGET = 16.4;
				LD_RUNPATH_SEARCH_PATHS = (
					"$(inherited)",
					"@executable_path/Frameworks",
				);
				MARKETING_VERSION = 1.0;
				PRODUCT_BUNDLE_IDENTIFIER = com.pushp.PasskeyLogin;
				PRODUCT_NAME = "$(TARGET_NAME)";
				SWIFT_EMIT_LOC_STRINGS = YES;
				SWIFT_VERSION = 5.0;
				TARGETED_DEVICE_FAMILY = "1,2";
			};
			name = Release;
		};
/* End XCBuildConfiguration section */

/* Begin XCConfigurationList section */
		1193F3992A12F2AD00C9A278 /* Build configuration list for PBXProject "PasskeyLogin" */ = {
			isa = XCConfigurationList;
			buildConfigurations = (
				1193F3AA2A12F2AF00C9A278 /* Debug */,
				1193F3AB2A12F2AF00C9A278 /* Release */,
			);
			defaultConfigurationIsVisible = 0;
			defaultConfigurationName = Release;
		};
		1193F3AC2A12F2AF00C9A278 /* Build configuration list for PBXNativeTarget "PasskeyLogin" */ = {
			isa = XCConfigurationList;
			buildConfigurations = (
				1193F3AD2A12F2AF00C9A278 /* Debug */,
				1193F3AE2A12F2AF00C9A278 /* Release */,
			);
			defaultConfigurationIsVisible = 0;
			defaultConfigurationName = Release;
		};
/* End XCConfigurationList section */

/* Begin XCRemoteSwiftPackageReference section */
		11CE33962A13AFCD005F0677 /* XCRemoteSwiftPackageReference "Alamofire" */ = {
			isa = XCRemoteSwiftPackageReference;
			repositoryURL = "https://github.com/Alamofire/Alamofire.git";
			requirement = {
				kind = upToNextMajorVersion;
				minimumVersion = 5.0.0;
			};
		};
/* End XCRemoteSwiftPackageReference section */

/* Begin XCSwiftPackageProductDependency section */
		11CE33972A13AFCD005F0677 /* Alamofire */ = {
			isa = XCSwiftPackageProductDependency;
			package = 11CE33962A13AFCD005F0677 /* XCRemoteSwiftPackageReference "Alamofire" */;
			productName = Alamofire;
		};
/* End XCSwiftPackageProductDependency section */
	};
	rootObject = 1193F3962A12F2AD00C9A278 /* Project object */;
}
